Microsoft Visual Studio Solution File, Format Version 12.00
# Visual Studio Version 17
VisualStudioVersion = 17.5.2.0
MinimumVisualStudioVersion = 10.0.40219.1
Project("{FAE04EC0-301F-11D3-BF4B-00C04F79EFBC}") = "ShiftManager", "ShiftManager.csproj", "{24E931EF-1D06-9E43-E5FB-AF0E807D4B70}"
EndProject
Project("{FAE04EC0-301F-11D3-BF4B-00C04F79EFBC}") = "ShiftManager.Tests", "ShiftManager.Tests/ShiftManager.Tests.csproj", "{90C7DAF3-8353-4160-B667-7CBB520E91A6}"
EndProject
Global
	GlobalSection(SolutionConfigurationPlatforms) = preSolution
		Debug|Any CPU = Debug|Any CPU
		Release|Any CPU = Release|Any CPU
	EndGlobalSection
GlobalSection(ProjectConfigurationPlatforms) = postSolution
{24E931EF-1D06-9E43-E5FB-AF0E807D4B70}.Debug|Any CPU.ActiveCfg = Debug|Any CPU
{24E931EF-1D06-9E43-E5FB-AF0E807D4B70}.Debug|Any CPU.Build.0 = Debug|Any CPU
{24E931EF-1D06-9E43-E5FB-AF0E807D4B70}.Release|Any CPU.ActiveCfg = Release|Any CPU
{24E931EF-1D06-9E43-E5FB-AF0E807D4B70}.Release|Any CPU.Build.0 = Release|Any CPU
{90C7DAF3-8353-4160-B667-7CBB520E91A6}.Debug|Any CPU.ActiveCfg = Debug|Any CPU
{90C7DAF3-8353-4160-B667-7CBB520E91A6}.Debug|Any CPU.Build.0 = Debug|Any CPU
{90C7DAF3-8353-4160-B667-7CBB520E91A6}.Release|Any CPU.ActiveCfg = Release|Any CPU
{90C7DAF3-8353-4160-B667-7CBB520E91A6}.Release|Any CPU.Build.0 = Release|Any CPU
EndGlobalSection
	GlobalSection(SolutionProperties) = preSolution
		HideSolutionNode = FALSE
	EndGlobalSection
	GlobalSection(ExtensibilityGlobals) = postSolution
		SolutionGuid = {B5F2B3C1-88A7-466A-B3B2-E2184232F453}
	EndGlobalSection
EndGlobal
